# This file is @generated by PDM.
# It is not intended for manual editing.

[metadata]
groups = ["default"]
strategy = ["inherit_metadata"]
lock_version = "4.5.0"
content_hash = "sha256:c6be8dd19117251ee5d8ad0164869908c6515280e20f7e03a581f90227776eac"

[[metadata.targets]]
requires_python = ">=3.13,<3.14"

[[package]]
name = "attrs"
version = "25.3.0"
requires_python = ">=3.8"
summary = "Classes Without Boilerplate"
groups = ["default"]
files = [
    {file = "attrs-25.3.0-py3-none-any.whl", hash = "sha256:427318ce031701fea540783410126f03899a97ffc6f61596ad581ac2e40e3bc3"},
    {file = "attrs-25.3.0.tar.gz", hash = "sha256:75d7cefc7fb576747b2c81b4442d4d4a1ce0900973527c011d1030fd3bf4af1b"},
]

[[package]]
name = "click"
version = "8.3.0"
requires_python = ">=3.10"
summary = "Composable command line interface toolkit"
groups = ["default"]
dependencies = [
    "colorama; platform_system == \"Windows\"",
]
files = [
    {file = "click-8.3.0-py3-none-any.whl", hash = "sha256:9b9f285302c6e3064f4330c05f05b81945b2a39544279343e6e7c5f27a9baddc"},
    {file = "click-8.3.0.tar.gz", hash = "sha256:e7b8232224eba16f4ebe410c25ced9f7875cb5f3263ffc93cc3e8da705e229c4"},
]

[[package]]
name = "colorama"
version = "0.4.6"
requires_python = "!=3.0.*,!=3.1.*,!=3.2.*,!=3.3.*,!=3.4.*,!=3.5.*,!=3.6.*,>=2.7"
summary = "Cross-platform colored terminal text."
groups = ["default"]
marker = "platform_system == \"Windows\""
files = [
    {file = "colorama-0.4.6-py2.py3-none-any.whl", hash = "sha256:4f1d9991f5acc0ca119f9d443620b77f9d6b33703e51011c16baf57afb285fc6"},
    {file = "colorama-0.4.6.tar.gz", hash = "sha256:08695f5cb7ed6e0531a20572697297273c47b8cae5a63ffc6d6ed5c201be6e44"},
]

[[package]]
name = "datasketch"
version = "1.6.5"
summary = "Probabilistic data structures for processing and searching very large datasets"
groups = ["default"]
dependencies = [
    "numpy>=1.11",
    "scipy>=1.0.0",
]
files = [
    {file = "datasketch-1.6.5-py3-none-any.whl", hash = "sha256:59311b2925b2f37536e9f7c2f46bbc25e8e54379c8635a3fa7ca55d2abb66d1b"},
    {file = "datasketch-1.6.5.tar.gz", hash = "sha256:ba2848cb74f23d6d3dd444cf24edcbc47b1c34a171b1803231793ed4d74d4fcf"},
]

[[package]]
name = "exifread"
version = "3.5.1"
requires_python = ">=3.7"
summary = "Library to extract Exif information from digital camera image files."
groups = ["default"]
files = [
    {file = "exifread-3.5.1-py3-none-any.whl", hash = "sha256:e5426ce2857423ad401e575ea9d159dc97449dc041fb6e61b35109caea72c311"},
    {file = "exifread-3.5.1.tar.gz", hash = "sha256:9f998f80d3062741c976dfc4fd033424bc40932937994e4d2181eb70c4b6aedd"},
]

[[package]]
name = "image-quality-analysis"
version = "0.1.1"
summary = "A Python package for analyzing image quality."
groups = ["default"]
dependencies = [
    "numpy",
    "opencv-python",
    "scikit-learn",
    "scipy",
]
files = [
    {file = "image_quality_analysis-0.1.1-py3-none-any.whl", hash = "sha256:9927da202c9349d819feaa009c4775baff2cef568ba60f73e624f037b42a6a38"},
    {file = "image_quality_analysis-0.1.1.tar.gz", hash = "sha256:c52c240c8f21b204ed2900a74df4be07ef7cc1afba769061a3ac1d2b216da279"},
]

[[package]]
name = "imagehash"
version = "4.3.2"
summary = "Image Hashing library"
groups = ["default"]
dependencies = [
    "PyWavelets",
    "numpy",
    "pillow",
    "scipy",
]
files = [
    {file = "ImageHash-4.3.2-py2.py3-none-any.whl", hash = "sha256:02b0f965f8c77cd813f61d7d39031ea27d4780e7ebcad56c6cd6a709acc06e5f"},
    {file = "ImageHash-4.3.2.tar.gz", hash = "sha256:e54a79805afb82a34acde4746a16540503a9636fd1ffb31d8e099b29bbbf8156"},
]

[[package]]
name = "imageio"
version = "2.37.0"
requires_python = ">=3.9"
summary = "Library for reading and writing a wide range of image, video, scientific, and volumetric data formats."
groups = ["default"]
dependencies = [
    "numpy",
    "pillow>=8.3.2",
]
files = [
    {file = "imageio-2.37.0-py3-none-any.whl", hash = "sha256:11efa15b87bc7871b61590326b2d635439acc321cf7f8ce996f812543ce10eed"},
    {file = "imageio-2.37.0.tar.gz", hash = "sha256:71b57b3669666272c818497aebba2b4c5f20d5b37c81720e5e1a56d59c492996"},
]

[[package]]
name = "joblib"
version = "1.5.2"
requires_python = ">=3.9"
summary = "Lightweight pipelining with Python functions"
groups = ["default"]
files = [
    {file = "joblib-1.5.2-py3-none-any.whl", hash = "sha256:4e1f0bdbb987e6d843c70cf43714cb276623def372df3c22fe5266b2670bc241"},
    {file = "joblib-1.5.2.tar.gz", hash = "sha256:3faa5c39054b2f03ca547da9b2f52fde67c06240c31853f306aea97f13647b55"},
]

[[package]]
name = "jsonschema"
version = "4.25.1"
requires_python = ">=3.9"
summary = "An implementation of JSON Schema validation for Python"
groups = ["default"]
dependencies = [
    "attrs>=22.2.0",
    "jsonschema-specifications>=2023.03.6",
    "referencing>=0.28.4",
    "rpds-py>=0.7.1",
]
files = [
    {file = "jsonschema-4.25.1-py3-none-any.whl", hash = "sha256:3fba0169e345c7175110351d456342c364814cfcf3b964ba4587f22915230a63"},
    {file = "jsonschema-4.25.1.tar.gz", hash = "sha256:e4a9655ce0da0c0b67a085847e00a3a51449e1157f4f75e9fb5aa545e122eb85"},
]

[[package]]
name = "jsonschema-specifications"
version = "2025.9.1"
requires_python = ">=3.9"
summary = "The JSON Schema meta-schemas and vocabularies, exposed as a Registry"
groups = ["default"]
dependencies = [
    "referencing>=0.31.0",
]
files = [
    {file = "jsonschema_specifications-2025.9.1-py3-none-any.whl", hash = "sha256:98802fee3a11ee76ecaca44429fda8a41bff98b00a0f2838151b113f210cc6fe"},
    {file = "jsonschema_specifications-2025.9.1.tar.gz", hash = "sha256:b540987f239e745613c7a9176f3edb72b832a4ac465cf02712288397832b5e8d"},
]

[[package]]
name = "lazy-loader"
version = "0.4"
requires_python = ">=3.7"
summary = "Makes it easy to load subpackages and functions on demand."
groups = ["default"]
dependencies = [
    "importlib-metadata; python_version < \"3.8\"",
    "packaging",
]
files = [
    {file = "lazy_loader-0.4-py3-none-any.whl", hash = "sha256:342aa8e14d543a154047afb4ba8ef17f5563baad3fc610d7b15b213b0f119efc"},
    {file = "lazy_loader-0.4.tar.gz", hash = "sha256:47c75182589b91a4e1a85a136c074285a5ad4d9f39c63e0d7fb76391c4574cd1"},
]

[[package]]
name = "markdown-it-py"
version = "4.0.0"
requires_python = ">=3.10"
summary = "Python port of markdown-it. Markdown parsing, done right!"
groups = ["default"]
dependencies = [
    "mdurl~=0.1",
]
files = [
    {file = "markdown_it_py-4.0.0-py3-none-any.whl", hash = "sha256:87327c59b172c5011896038353a81343b6754500a08cd7a4973bb48c6d578147"},
    {file = "markdown_it_py-4.0.0.tar.gz", hash = "sha256:cb0a2b4aa34f932c007117b194e945bd74e0ec24133ceb5bac59009cda1cb9f3"},
]

[[package]]
name = "mdurl"
version = "0.1.2"
requires_python = ">=3.7"
summary = "Markdown URL utilities"
groups = ["default"]
files = [
    {file = "mdurl-0.1.2-py3-none-any.whl", hash = "sha256:84008a41e51615a49fc9966191ff91509e3c40b939176e643fd50a5c2196b8f8"},
    {file = "mdurl-0.1.2.tar.gz", hash = "sha256:bb413d29f5eea38f31dd4754dd7377d4465116fb207585f97bf925588687c1ba"},
]

[[package]]
name = "networkx"
version = "3.5"
requires_python = ">=3.11"
summary = "Python package for creating and manipulating graphs and networks"
groups = ["default"]
files = [
    {file = "networkx-3.5-py3-none-any.whl", hash = "sha256:0030d386a9a06dee3565298b4a734b68589749a544acbb6c412dc9e2489ec6ec"},
    {file = "networkx-3.5.tar.gz", hash = "sha256:d4c6f9cf81f52d69230866796b82afbccdec3db7ae4fbd1b65ea750feed50037"},
]

[[package]]
name = "numpy"
version = "2.2.6"
requires_python = ">=3.10"
summary = "Fundamental package for array computing in Python"
groups = ["default"]
files = [
    {file = "numpy-2.2.6-cp313-cp313-macosx_10_13_x86_64.whl", hash = "sha256:0811bb762109d9708cca4d0b13c4f67146e3c3b7cf8d34018c722adb2d957c84"},
    {file = "numpy-2.2.6-cp313-cp313-macosx_11_0_arm64.whl", hash = "sha256:287cc3162b6f01463ccd86be154f284d0893d2b3ed7292439ea97eafa8170e0b"},
    {file = "numpy-2.2.6-cp313-cp313-macosx_14_0_arm64.whl", hash = "sha256:f1372f041402e37e5e633e586f62aa53de2eac8d98cbfb822806ce4bbefcb74d"},
    {file = "numpy-2.2.6-cp313-cp313-macosx_14_0_x86_64.whl", hash = "sha256:55a4d33fa519660d69614a9fad433be87e5252f4b03850642f88993f7b2ca566"},
    {file = "numpy-2.2.6-cp313-cp313-manylinux_2_17_aarch64.manylinux2014_aarch64.whl", hash = "sha256:f92729c95468a2f4f15e9bb94c432a9229d0d50de67304399627a943201baa2f"},
    {file = "numpy-2.2.6-cp313-cp313-manylinux_2_17_x86_64.manylinux2014_x86_64.whl", hash = "sha256:1bc23a79bfabc5d056d106f9befb8d50c31ced2fbc70eedb8155aec74a45798f"},
    {file = "numpy-2.2.6-cp313-cp313-musllinux_1_2_aarch64.whl", hash = "sha256:e3143e4451880bed956e706a3220b4e5cf6172ef05fcc397f6f36a550b1dd868"},
    {file = "numpy-2.2.6-cp313-cp313-musllinux_1_2_x86_64.whl", hash = "sha256:b4f13750ce79751586ae2eb824ba7e1e8dba64784086c98cdbbcc6a42112ce0d"},
    {file = "numpy-2.2.6-cp313-cp313-win32.whl", hash = "sha256:5beb72339d9d4fa36522fc63802f469b13cdbe4fdab4a288f0c441b74272ebfd"},
    {file = "numpy-2.2.6-cp313-cp313-win_amd64.whl", hash = "sha256:b0544343a702fa80c95ad5d3d608ea3599dd54d4632df855e4c8d24eb6ecfa1c"},
    {file = "numpy-2.2.6-cp313-cp313t-macosx_10_13_x86_64.whl", hash = "sha256:0bca768cd85ae743b2affdc762d617eddf3bcf8724435498a1e80132d04879e6"},
    {file = "numpy-2.2.6-cp313-cp313t-macosx_11_0_arm64.whl", hash = "sha256:fc0c5673685c508a142ca65209b4e79ed6740a4ed6b2267dbba90f34b0b3cfda"},
    {file = "numpy-2.2.6-cp313-cp313t-macosx_14_0_arm64.whl", hash = "sha256:5bd4fc3ac8926b3819797a7c0e2631eb889b4118a9898c84f585a54d475b7e40"},
    {file = "numpy-2.2.6-cp313-cp313t-macosx_14_0_x86_64.whl", hash = "sha256:fee4236c876c4e8369388054d02d0e9bb84821feb1a64dd59e137e6511a551f8"},
    {file = "numpy-2.2.6-cp313-cp313t-manylinux_2_17_aarch64.manylinux2014_aarch64.whl", hash = "sha256:e1dda9c7e08dc141e0247a5b8f49cf05984955246a327d4c48bda16821947b2f"},
    {file = "numpy-2.2.6-cp313-cp313t-manylinux_2_17_x86_64.manylinux2014_x86_64.whl", hash = "sha256:f447e6acb680fd307f40d3da4852208af94afdfab89cf850986c3ca00562f4fa"},
    {file = "numpy-2.2.6-cp313-cp313t-musllinux_1_2_aarch64.whl", hash = "sha256:389d771b1623ec92636b0786bc4ae56abafad4a4c513d36a55dce14bd9ce8571"},
    {file = "numpy-2.2.6-cp313-cp313t-musllinux_1_2_x86_64.whl", hash = "sha256:8e9ace4a37db23421249ed236fdcdd457d671e25146786dfc96835cd951aa7c1"},
    {file = "numpy-2.2.6-cp313-cp313t-win32.whl", hash = "sha256:038613e9fb8c72b0a41f025a7e4c3f0b7a1b5d768ece4796b674c8f3fe13efff"},
    {file = "numpy-2.2.6-cp313-cp313t-win_amd64.whl", hash = "sha256:6031dd6dfecc0cf9f668681a37648373bddd6421fff6c66ec1624eed0180ee06"},
    {file = "numpy-2.2.6.tar.gz", hash = "sha256:e29554e2bef54a90aa5cc07da6ce955accb83f21ab5de01a62c8478897b264fd"},
]

[[package]]
name = "opencv-contrib-python"
version = "4.12.0.88"
requires_python = ">=3.6"
summary = "Wrapper package for OpenCV python bindings."
groups = ["default"]
dependencies = [
    "numpy<2.0; python_version < \"3.9\"",
    "numpy<2.3.0,>=2; python_version >= \"3.9\"",
]
files = [
    {file = "opencv-contrib-python-4.12.0.88.tar.gz", hash = "sha256:0f1e22823aace09067b9a0e8e2b4ba6d7a1ef08807d6cebea315f3133f419a0e"},
    {file = "opencv_contrib_python-4.12.0.88-cp37-abi3-macosx_13_0_arm64.whl", hash = "sha256:decc3a2627e03e61ec398919a8647b7f78315bf285e64bcd7dd4501b653f22bc"},
    {file = "opencv_contrib_python-4.12.0.88-cp37-abi3-macosx_13_0_x86_64.whl", hash = "sha256:e1209da6553b9c2b348fb5c878c2cd0e0121f9335981b7a9735c10d1ef1580ac"},
    {file = "opencv_contrib_python-4.12.0.88-cp37-abi3-manylinux2014_aarch64.manylinux_2_17_aarch64.whl", hash = "sha256:7b3b834d5a2b84f26e5b62ff9ae07a287ab668d2343773372c3b97a335cd7c4f"},
    {file = "opencv_contrib_python-4.12.0.88-cp37-abi3-manylinux2014_x86_64.manylinux_2_17_x86_64.whl", hash = "sha256:ac2627dcdf5bd625706949ada7994524320b656a991315ff6ae70043fc983689"},
    {file = "opencv_contrib_python-4.12.0.88-cp37-abi3-win32.whl", hash = "sha256:fe3a5cbc1467c3620aeda3afd8d363886298a6fc85b48d62b2991afab65076c5"},
    {file = "opencv_contrib_python-4.12.0.88-cp37-abi3-win_amd64.whl", hash = "sha256:62c20c14fdd794c9d0fbc780b3d52a74bc967d205664d25b3906951abedc9f65"},
]

[[package]]
name = "opencv-python"
version = "4.12.0.88"
requires_python = ">=3.6"
summary = "Wrapper package for OpenCV python bindings."
groups = ["default"]
dependencies = [
    "numpy<2.0; python_version < \"3.9\"",
    "numpy<2.3.0,>=2; python_version >= \"3.9\"",
]
files = [
    {file = "opencv-python-4.12.0.88.tar.gz", hash = "sha256:8b738389cede219405f6f3880b851efa3415ccd674752219377353f017d2994d"},
    {file = "opencv_python-4.12.0.88-cp37-abi3-macosx_13_0_arm64.whl", hash = "sha256:f9a1f08883257b95a5764bf517a32d75aec325319c8ed0f89739a57fae9e92a5"},
    {file = "opencv_python-4.12.0.88-cp37-abi3-macosx_13_0_x86_64.whl", hash = "sha256:812eb116ad2b4de43ee116fcd8991c3a687f099ada0b04e68f64899c09448e81"},
    {file = "opencv_python-4.12.0.88-cp37-abi3-manylinux2014_aarch64.manylinux_2_17_aarch64.whl", hash = "sha256:51fd981c7df6af3e8f70b1556696b05224c4e6b6777bdd2a46b3d4fb09de1a92"},
    {file = "opencv_python-4.12.0.88-cp37-abi3-manylinux2014_x86_64.manylinux_2_17_x86_64.whl", hash = "sha256:092c16da4c5a163a818f120c22c5e4a2f96e0db4f24e659c701f1fe629a690f9"},
    {file = "opencv_python-4.12.0.88-cp37-abi3-win32.whl", hash = "sha256:ff554d3f725b39878ac6a2e1fa232ec509c36130927afc18a1719ebf4fbf4357"},
    {file = "opencv_python-4.12.0.88-cp37-abi3-win_amd64.whl", hash = "sha256:d98edb20aa932fd8ebd276a72627dad9dc097695b3d435a4257557bbb49a79d2"},
]

[[package]]
name = "packaging"
version = "25.0"
requires_python = ">=3.8"
summary = "Core utilities for Python packages"
groups = ["default"]
files = [
    {file = "packaging-25.0-py3-none-any.whl", hash = "sha256:29572ef2b1f17581046b3a2227d5c611fb25ec70ca1ba8554b24b0e69331a484"},
    {file = "packaging-25.0.tar.gz", hash = "sha256:d443872c98d677bf60f6a1f2f8c1cb748e8fe762d2bf9d3148b5599295b0fc4f"},
]

[[package]]
name = "pillow"
version = "11.3.0"
requires_python = ">=3.9"
summary = "Python Imaging Library (Fork)"
groups = ["default"]
files = [
    {file = "pillow-11.3.0-cp313-cp313-ios_13_0_arm64_iphoneos.whl", hash = "sha256:1c627742b539bba4309df89171356fcb3cc5a9178355b2727d1b74a6cf155fbd"},
    {file = "pillow-11.3.0-cp313-cp313-ios_13_0_arm64_iphonesimulator.whl", hash = "sha256:30b7c02f3899d10f13d7a48163c8969e4e653f8b43416d23d13d1bbfdc93b9f8"},
    {file = "pillow-11.3.0-cp313-cp313-ios_13_0_x86_64_iphonesimulator.whl", hash = "sha256:7859a4cc7c9295f5838015d8cc0a9c215b77e43d07a25e460f35cf516df8626f"},
    {file = "pillow-11.3.0-cp313-cp313-macosx_10_13_x86_64.whl", hash = "sha256:ec1ee50470b0d050984394423d96325b744d55c701a439d2bd66089bff963d3c"},
    {file = "pillow-11.3.0-cp313-cp313-macosx_11_0_arm64.whl", hash = "sha256:7db51d222548ccfd274e4572fdbf3e810a5e66b00608862f947b163e613b67dd"},
    {file = "pillow-11.3.0-cp313-cp313-manylinux2014_aarch64.manylinux_2_17_aarch64.whl", hash = "sha256:2d6fcc902a24ac74495df63faad1884282239265c6839a0a6416d33faedfae7e"},
    {file = "pillow-11.3.0-cp313-cp313-manylinux2014_x86_64.manylinux_2_17_x86_64.whl", hash = "sha256:f0f5d8f4a08090c6d6d578351a2b91acf519a54986c055af27e7a93feae6d3f1"},
    {file = "pillow-11.3.0-cp313-cp313-manylinux_2_27_aarch64.manylinux_2_28_aarch64.whl", hash = "sha256:c37d8ba9411d6003bba9e518db0db0c58a680ab9fe5179f040b0463644bc9805"},
    {file = "pillow-11.3.0-cp313-cp313-manylinux_2_27_x86_64.manylinux_2_28_x86_64.whl", hash = "sha256:13f87d581e71d9189ab21fe0efb5a23e9f28552d5be6979e84001d3b8505abe8"},
    {file = "pillow-11.3.0-cp313-cp313-musllinux_1_2_aarch64.whl", hash = "sha256:023f6d2d11784a465f09fd09a34b150ea4672e85fb3d05931d89f373ab14abb2"},
    {file = "pillow-11.3.0-cp313-cp313-musllinux_1_2_x86_64.whl", hash = "sha256:45dfc51ac5975b938e9809451c51734124e73b04d0f0ac621649821a63852e7b"},
    {file = "pillow-11.3.0-cp313-cp313-win32.whl", hash = "sha256:a4d336baed65d50d37b88ca5b60c0fa9d81e3a87d4a7930d3880d1624d5b31f3"},
    {file = "pillow-11.3.0-cp313-cp313-win_amd64.whl", hash = "sha256:0bce5c4fd0921f99d2e858dc4d4d64193407e1b99478bc5cacecba2311abde51"},
    {file = "pillow-11.3.0-cp313-cp313-win_arm64.whl", hash = "sha256:1904e1264881f682f02b7f8167935cce37bc97db457f8e7849dc3a6a52b99580"},
    {file = "pillow-11.3.0-cp313-cp313t-macosx_10_13_x86_64.whl", hash = "sha256:4c834a3921375c48ee6b9624061076bc0a32a60b5532b322cc0ea64e639dd50e"},
    {file = "pillow-11.3.0-cp313-cp313t-macosx_11_0_arm64.whl", hash = "sha256:5e05688ccef30ea69b9317a9ead994b93975104a677a36a8ed8106be9260aa6d"},
    {file = "pillow-11.3.0-cp313-cp313t-manylinux2014_aarch64.manylinux_2_17_aarch64.whl", hash = "sha256:1019b04af07fc0163e2810167918cb5add8d74674b6267616021ab558dc98ced"},
    {file = "pillow-11.3.0-cp313-cp313t-manylinux2014_x86_64.manylinux_2_17_x86_64.whl", hash = "sha256:f944255db153ebb2b19c51fe85dd99ef0ce494123f21b9db4877ffdfc5590c7c"},
    {file = "pillow-11.3.0-cp313-cp313t-manylinux_2_27_aarch64.manylinux_2_28_aarch64.whl", hash = "sha256:1f85acb69adf2aaee8b7da124efebbdb959a104db34d3a2cb0f3793dbae422a8"},
    {file = "pillow-11.3.0-cp313-cp313t-manylinux_2_27_x86_64.manylinux_2_28_x86_64.whl", hash = "sha256:05f6ecbeff5005399bb48d198f098a9b4b6bdf27b8487c7f38ca16eeb070cd59"},
    {file = "pillow-11.3.0-cp313-cp313t-musllinux_1_2_aarch64.whl", hash = "sha256:a7bc6e6fd0395bc052f16b1a8670859964dbd7003bd0af2ff08342eb6e442cfe"},
    {file = "pillow-11.3.0-cp313-cp313t-musllinux_1_2_x86_64.whl", hash = "sha256:83e1b0161c9d148125083a35c1c5a89db5b7054834fd4387499e06552035236c"},
    {file = "pillow-11.3.0-cp313-cp313t-win32.whl", hash = "sha256:2a3117c06b8fb646639dce83694f2f9eac405472713fcb1ae887469c0d4f6788"},
    {file = "pillow-11.3.0-cp313-cp313t-win_amd64.whl", hash = "sha256:857844335c95bea93fb39e0fa2726b4d9d758850b34075a7e3ff4f4fa3aa3b31"},
    {file = "pillow-11.3.0-cp313-cp313t-win_arm64.whl", hash = "sha256:8797edc41f3e8536ae4b10897ee2f637235c94f27404cac7297f7b607dd0716e"},
    {file = "pillow-11.3.0.tar.gz", hash = "sha256:3828ee7586cd0b2091b6209e5ad53e20d0649bbe87164a459d0676e035e8f523"},
]

[[package]]
name = "pillow-heif"
version = "1.1.0"
requires_python = ">=3.9"
summary = "Python interface for libheif library"
groups = ["default"]
dependencies = [
    "pillow>=11.1.0",
]
files = [
    {file = "pillow_heif-1.1.0-cp313-cp313-macosx_13_0_x86_64.whl", hash = "sha256:f262bed5978797fa2c22615be821c6fd767a786bd72396a38d07583adde1e37e"},
    {file = "pillow_heif-1.1.0-cp313-cp313-macosx_14_0_arm64.whl", hash = "sha256:c9d37ed097d28c4970461f244d8c2156d0f710f9eee00a36b29142fb6a050fc2"},
    {file = "pillow_heif-1.1.0-cp313-cp313-manylinux_2_26_aarch64.manylinux_2_28_aarch64.whl", hash = "sha256:66f6d04a1f8483a8820d8b1dcb893bfb8103e320dd72d762ec687e92bb92a69b"},
    {file = "pillow_heif-1.1.0-cp313-cp313-manylinux_2_27_x86_64.manylinux_2_28_x86_64.whl", hash = "sha256:9923700a3031ca27d2d68e99b09217e6d9360fd45bbe6975cd5b5e48e422cf71"},
    {file = "pillow_heif-1.1.0-cp313-cp313-musllinux_1_2_aarch64.whl", hash = "sha256:f4be665888167c481b63fe5a5b62cda2f81c575f54bade9eb1b004137542f76a"},
    {file = "pillow_heif-1.1.0-cp313-cp313-musllinux_1_2_x86_64.whl", hash = "sha256:ef1f4ab291e37dbbe22d8ccf1e2dde1a6561b43a4eed1d992fe795d4b62c1258"},
    {file = "pillow_heif-1.1.0-cp313-cp313-win_amd64.whl", hash = "sha256:0e3f34354ac8b4be505a25f705be907997e6a1172d21667f7a1d1ff8e3b9d10d"},
    {file = "pillow_heif-1.1.0.tar.gz", hash = "sha256:6c0c5f81a780185bbddc56e0d5537c53aa6cb5fb6018f5a60534a47c53f5455d"},
]

[[package]]
name = "platformdirs"
version = "4.4.0"
requires_python = ">=3.9"
summary = "A small Python package for determining appropriate platform-specific dirs, e.g. a `user data dir`."
groups = ["default"]
files = [
    {file = "platformdirs-4.4.0-py3-none-any.whl", hash = "sha256:abd01743f24e5287cd7a5db3752faf1a2d65353f38ec26d98e25a6db65958c85"},
    {file = "platformdirs-4.4.0.tar.gz", hash = "sha256:ca753cf4d81dc309bc67b0ea38fd15dc97bc30ce419a7f58d13eb3bf14c4febf"},
]

[[package]]
name = "pygments"
version = "2.19.2"
requires_python = ">=3.8"
summary = "Pygments is a syntax highlighting package written in Python."
groups = ["default"]
files = [
    {file = "pygments-2.19.2-py3-none-any.whl", hash = "sha256:86540386c03d588bb81d44bc3928634ff26449851e99741617ecb9037ee5ec0b"},
    {file = "pygments-2.19.2.tar.gz", hash = "sha256:636cb2477cec7f8952536970bc533bc43743542f70392ae026374600add5b887"},
]

[[package]]
name = "pyqtgraph"
version = "0.13.7"
requires_python = ">=3.9"
summary = "Scientific Graphics and GUI Library for Python"
groups = ["default"]
dependencies = [
    "numpy>=1.22.0",
]
files = [
    {file = "pyqtgraph-0.13.7-py3-none-any.whl", hash = "sha256:7754edbefb6c367fa0dfb176e2d0610da3ada20aa7a5318516c74af5fb72bf7a"},
    {file = "pyqtgraph-0.13.7.tar.gz", hash = "sha256:64f84f1935c6996d0e09b1ee66fe478a7771e3ca6f3aaa05f00f6e068321d9e3"},
]

[[package]]
name = "pyside6"
version = "6.9.2"
requires_python = "<3.14,>=3.9"
summary = "Python bindings for the Qt cross-platform application and UI framework"
groups = ["default"]
dependencies = [
    "PySide6-Addons==6.9.2",
    "PySide6-Essentials==6.9.2",
    "shiboken6==6.9.2",
]
files = [
    {file = "pyside6-6.9.2-cp39-abi3-macosx_12_0_universal2.whl", hash = "sha256:71245c76bfbe5c41794ffd8546730ec7cc869d4bbe68535639e026e4ef8a7714"},
    {file = "pyside6-6.9.2-cp39-abi3-manylinux_2_28_x86_64.whl", hash = "sha256:64a9e2146e207d858e00226f68d7c1b4ab332954742a00dcabb721bb9e4aa0cd"},
    {file = "pyside6-6.9.2-cp39-abi3-manylinux_2_39_aarch64.whl", hash = "sha256:a78fad16241a1f2ed0fa0098cf3d621f591fc75b4badb7f3fa3959c9d861c806"},
    {file = "pyside6-6.9.2-cp39-abi3-win_amd64.whl", hash = "sha256:d1afbf48f9a5612b9ee2dc7c384c1a65c08b5830ba5e7d01f66d82678e5459df"},
    {file = "pyside6-6.9.2-cp39-abi3-win_arm64.whl", hash = "sha256:1499b1d7629ab92119118e2636b4ace836b25e457ddf01003fdca560560b8c0a"},
]

[[package]]
name = "pyside6-addons"
version = "6.9.2"
requires_python = "<3.14,>=3.9"
summary = "Python bindings for the Qt cross-platform application and UI framework (Addons)"
groups = ["default"]
dependencies = [
    "PySide6-Essentials==6.9.2",
    "shiboken6==6.9.2",
]
files = [
    {file = "pyside6_addons-6.9.2-cp39-abi3-macosx_12_0_universal2.whl", hash = "sha256:7019fdcc0059626eb1608b361371f4dc8cb7f2d02f066908fd460739ff5a07cd"},
    {file = "pyside6_addons-6.9.2-cp39-abi3-manylinux_2_28_x86_64.whl", hash = "sha256:24350e5415317f269e743d1f7b4933fe5f59d90894aa067676c9ce6bfe9e7988"},
    {file = "pyside6_addons-6.9.2-cp39-abi3-manylinux_2_39_aarch64.whl", hash = "sha256:af8dee517de8d336735a6543f7dd496eb580e852c14b4d2304b890e2a29de499"},
    {file = "pyside6_addons-6.9.2-cp39-abi3-win_amd64.whl", hash = "sha256:98d2413904ee4b2b754b077af7875fa6ec08468c01a6628a2c9c3d2cece4874f"},
    {file = "pyside6_addons-6.9.2-cp39-abi3-win_arm64.whl", hash = "sha256:b430cae782ff1a99fb95868043557f22c31b30c94afb9cf73278584e220a2ab6"},
]

[[package]]
name = "pyside6-essentials"
version = "6.9.2"
requires_python = "<3.14,>=3.9"
summary = "Python bindings for the Qt cross-platform application and UI framework (Essentials)"
groups = ["default"]
dependencies = [
    "shiboken6==6.9.2",
]
files = [
    {file = "pyside6_essentials-6.9.2-cp39-abi3-macosx_12_0_universal2.whl", hash = "sha256:713eb8dcbb016ff10e6fca129c1bf2a0fd8cfac979e689264e0be3b332f9398e"},
    {file = "pyside6_essentials-6.9.2-cp39-abi3-manylinux_2_28_x86_64.whl", hash = "sha256:84b8ca4fa56506e2848bdb4c7a0851a5e7adcb916bef9bce25ce2eeb6c7002cc"},
    {file = "pyside6_essentials-6.9.2-cp39-abi3-manylinux_2_39_aarch64.whl", hash = "sha256:d0f701503974bd51b408966539aa6956f3d8536e547ea8002fbfb3d77796bbc3"},
    {file = "pyside6_essentials-6.9.2-cp39-abi3-win_amd64.whl", hash = "sha256:b2f746f795138ac63eb173f9850a6db293461a1b6ce22cf6dafac7d194a38951"},
    {file = "pyside6_essentials-6.9.2-cp39-abi3-win_arm64.whl", hash = "sha256:ecd7b5cd9e271f397fb89a6357f4ec301d8163e50869c6c557f9ccc6bed42789"},
]

[[package]]
name = "pywavelets"
version = "1.9.0"
requires_python = ">=3.11"
summary = "PyWavelets, wavelet transform module"
groups = ["default"]
dependencies = [
    "numpy<3,>=1.25",
]
files = [
    {file = "pywavelets-1.9.0-cp313-cp313-macosx_10_13_x86_64.whl", hash = "sha256:74f8455c143818e4b026fc67b27fd82f38e522701b94b8a6d1aaf3a45fcc1a25"},
    {file = "pywavelets-1.9.0-cp313-cp313-macosx_11_0_arm64.whl", hash = "sha256:c50320fe0a4a23ddd8835b3dc9b53b09ee05c7cc6c56b81d0916f04fc1649070"},
    {file = "pywavelets-1.9.0-cp313-cp313-manylinux_2_27_aarch64.manylinux_2_28_aarch64.whl", hash = "sha256:d6e059265223ed659e5214ab52a84883c88ddf3decbf08d7ec6abb8e4c5ed7be"},
    {file = "pywavelets-1.9.0-cp313-cp313-manylinux_2_27_x86_64.manylinux_2_28_x86_64.whl", hash = "sha256:ae10ed46c139c7ddb8b1249cfe0989f8ccb610d93f2899507b1b1573a0e424b5"},
    {file = "pywavelets-1.9.0-cp313-cp313-musllinux_1_2_aarch64.whl", hash = "sha256:c8f8b1cc2df012401cb837ee6fa2f59607c7b4fe0ff409d9a4f6906daf40dc86"},
    {file = "pywavelets-1.9.0-cp313-cp313-musllinux_1_2_x86_64.whl", hash = "sha256:db43969c7a8fbb17693ecfd14f21616edc3b29f0e47a49b32fa4127c01312a67"},
    {file = "pywavelets-1.9.0-cp313-cp313-win32.whl", hash = "sha256:9e7d60819d87dcd6c68a2d1bc1d37deb1f4d96607799ab6a25633ea484dcda41"},
    {file = "pywavelets-1.9.0-cp313-cp313-win_amd64.whl", hash = "sha256:0d70da9d7858c869e24dc254f16a61dc09d8a224cad85a10c393b2eccddeb126"},
    {file = "pywavelets-1.9.0-cp313-cp313t-macosx_10_13_x86_64.whl", hash = "sha256:4dc85f44c38d76a184a1aa2cb038f802c3740428c9bb877525f4be83a223b134"},
    {file = "pywavelets-1.9.0-cp313-cp313t-macosx_11_0_arm64.whl", hash = "sha256:7acf6f950c6deaecd210fbff44421f234a8ca81eb6f4da945228e498361afa9d"},
    {file = "pywavelets-1.9.0-cp313-cp313t-manylinux_2_27_aarch64.manylinux_2_28_aarch64.whl", hash = "sha256:144d4fc15c98da56654d0dca2d391b812b8d04127b194a37ad4a497f8e887141"},
    {file = "pywavelets-1.9.0-cp313-cp313t-manylinux_2_27_x86_64.manylinux_2_28_x86_64.whl", hash = "sha256:1aa3729585408a979d655736f74b995b511c86b9be1544f95d4a3142f8f4b8b5"},
    {file = "pywavelets-1.9.0-cp313-cp313t-musllinux_1_2_aarch64.whl", hash = "sha256:e0e24ad6b8eb399c49606dd1fcdcbf9749ad7f6d638be3fe6f59c1f3098821e2"},
    {file = "pywavelets-1.9.0-cp313-cp313t-musllinux_1_2_x86_64.whl", hash = "sha256:3830e6657236b53a3aae20c735cccead942bb97c54bbca9e7d07bae01645fe9c"},
    {file = "pywavelets-1.9.0-cp313-cp313t-win32.whl", hash = "sha256:81bb65facfbd7b50dec50450516e72cdc51376ecfdd46f2e945bb89d39bfb783"},
    {file = "pywavelets-1.9.0-cp313-cp313t-win_amd64.whl", hash = "sha256:47d52cf35e2afded8cfe1133663f6f67106a3220b77645476ae660ad34922cb4"},
    {file = "pywavelets-1.9.0.tar.gz", hash = "sha256:148d12203377772bea452a59211d98649c8ee4a05eff019a9021853a36babdc8"},
]

[[package]]
name = "referencing"
version = "0.36.2"
requires_python = ">=3.9"
summary = "JSON Referencing + Python"
groups = ["default"]
dependencies = [
    "attrs>=22.2.0",
    "rpds-py>=0.7.0",
    "typing-extensions>=4.4.0; python_version < \"3.13\"",
]
files = [
    {file = "referencing-0.36.2-py3-none-any.whl", hash = "sha256:e8699adbbf8b5c7de96d8ffa0eb5c158b3beafce084968e2ea8bb08c6794dcd0"},
    {file = "referencing-0.36.2.tar.gz", hash = "sha256:df2e89862cd09deabbdba16944cc3f10feb6b3e6f18e902f7cc25609a34775aa"},
]

[[package]]
name = "rich"
version = "14.1.0"
requires_python = ">=3.8.0"
summary = "Render rich text, tables, progress bars, syntax highlighting, markdown and more to the terminal"
groups = ["default"]
dependencies = [
    "markdown-it-py>=2.2.0",
    "pygments<3.0.0,>=2.13.0",
]
files = [
    {file = "rich-14.1.0-py3-none-any.whl", hash = "sha256:536f5f1785986d6dbdea3c75205c473f970777b4a0d6c6dd1b696aa05a3fa04f"},
    {file = "rich-14.1.0.tar.gz", hash = "sha256:e497a48b844b0320d45007cdebfeaeed8db2a4f4bcf49f15e455cfc4af11eaa8"},
]

[[package]]
name = "rpds-py"
version = "0.27.1"
requires_python = ">=3.9"
summary = "Python bindings to Rust's persistent data structures (rpds)"
groups = ["default"]
files = [
    {file = "rpds_py-0.27.1-cp313-cp313-macosx_10_12_x86_64.whl", hash = "sha256:e4b9fcfbc021633863a37e92571d6f91851fa656f0180246e84cbd8b3f6b329b"},
    {file = "rpds_py-0.27.1-cp313-cp313-macosx_11_0_arm64.whl", hash = "sha256:1441811a96eadca93c517d08df75de45e5ffe68aa3089924f963c782c4b898cf"},
    {file = "rpds_py-0.27.1-cp313-cp313-manylinux_2_17_aarch64.manylinux2014_aarch64.whl", hash = "sha256:55266dafa22e672f5a4f65019015f90336ed31c6383bd53f5e7826d21a0e0b83"},
    {file = "rpds_py-0.27.1-cp313-cp313-manylinux_2_17_armv7l.manylinux2014_armv7l.whl", hash = "sha256:d78827d7ac08627ea2c8e02c9e5b41180ea5ea1f747e9db0915e3adf36b62dcf"},
    {file = "rpds_py-0.27.1-cp313-cp313-manylinux_2_17_ppc64le.manylinux2014_ppc64le.whl", hash = "sha256:ae92443798a40a92dc5f0b01d8a7c93adde0c4dc965310a29ae7c64d72b9fad2"},
    {file = "rpds_py-0.27.1-cp313-cp313-manylinux_2_17_s390x.manylinux2014_s390x.whl", hash = "sha256:c46c9dd2403b66a2a3b9720ec4b74d4ab49d4fabf9f03dfdce2d42af913fe8d0"},
    {file = "rpds_py-0.27.1-cp313-cp313-manylinux_2_17_x86_64.manylinux2014_x86_64.whl", hash = "sha256:2efe4eb1d01b7f5f1939f4ef30ecea6c6b3521eec451fb93191bf84b2a522418"},
    {file = "rpds_py-0.27.1-cp313-cp313-manylinux_2_31_riscv64.whl", hash = "sha256:15d3b4d83582d10c601f481eca29c3f138d44c92187d197aff663a269197c02d"},
    {file = "rpds_py-0.27.1-cp313-cp313-manylinux_2_5_i686.manylinux1_i686.whl", hash = "sha256:4ed2e16abbc982a169d30d1a420274a709949e2cbdef119fe2ec9d870b42f274"},
    {file = "rpds_py-0.27.1-cp313-cp313-musllinux_1_2_aarch64.whl", hash = "sha256:a75f305c9b013289121ec0f1181931975df78738cdf650093e6b86d74aa7d8dd"},
    {file = "rpds_py-0.27.1-cp313-cp313-musllinux_1_2_i686.whl", hash = "sha256:67ce7620704745881a3d4b0ada80ab4d99df390838839921f99e63c474f82cf2"},
    {file = "rpds_py-0.27.1-cp313-cp313-musllinux_1_2_x86_64.whl", hash = "sha256:9d992ac10eb86d9b6f369647b6a3f412fc0075cfd5d799530e84d335e440a002"},
    {file = "rpds_py-0.27.1-cp313-cp313-win32.whl", hash = "sha256:4f75e4bd8ab8db624e02c8e2fc4063021b58becdbe6df793a8111d9343aec1e3"},
    {file = "rpds_py-0.27.1-cp313-cp313-win_amd64.whl", hash = "sha256:f9025faafc62ed0b75a53e541895ca272815bec18abe2249ff6501c8f2e12b83"},
    {file = "rpds_py-0.27.1-cp313-cp313-win_arm64.whl", hash = "sha256:ed10dc32829e7d222b7d3b93136d25a406ba9788f6a7ebf6809092da1f4d279d"},
    {file = "rpds_py-0.27.1-cp313-cp313t-macosx_10_12_x86_64.whl", hash = "sha256:92022bbbad0d4426e616815b16bc4127f83c9a74940e1ccf3cfe0b387aba0228"},
    {file = "rpds_py-0.27.1-cp313-cp313t-macosx_11_0_arm64.whl", hash = "sha256:47162fdab9407ec3f160805ac3e154df042e577dd53341745fc7fb3f625e6d92"},
    {file = "rpds_py-0.27.1-cp313-cp313t-manylinux_2_17_aarch64.manylinux2014_aarch64.whl", hash = "sha256:fb89bec23fddc489e5d78b550a7b773557c9ab58b7946154a10a6f7a214a48b2"},
    {file = "rpds_py-0.27.1-cp313-cp313t-manylinux_2_17_armv7l.manylinux2014_armv7l.whl", hash = "sha256:e48af21883ded2b3e9eb48cb7880ad8598b31ab752ff3be6457001d78f416723"},
    {file = "rpds_py-0.27.1-cp313-cp313t-manylinux_2_17_ppc64le.manylinux2014_ppc64le.whl", hash = "sha256:6f5b7bd8e219ed50299e58551a410b64daafb5017d54bbe822e003856f06a802"},
    {file = "rpds_py-0.27.1-cp313-cp313t-manylinux_2_17_s390x.manylinux2014_s390x.whl", hash = "sha256:08f1e20bccf73b08d12d804d6e1c22ca5530e71659e6673bce31a6bb71c1e73f"},
    {file = "rpds_py-0.27.1-cp313-cp313t-manylinux_2_17_x86_64.manylinux2014_x86_64.whl", hash = "sha256:0dc5dceeaefcc96dc192e3a80bbe1d6c410c469e97bdd47494a7d930987f18b2"},
    {file = "rpds_py-0.27.1-cp313-cp313t-manylinux_2_31_riscv64.whl", hash = "sha256:d76f9cc8665acdc0c9177043746775aa7babbf479b5520b78ae4002d889f5c21"},
    {file = "rpds_py-0.27.1-cp313-cp313t-manylinux_2_5_i686.manylinux1_i686.whl", hash = "sha256:134fae0e36022edad8290a6661edf40c023562964efea0cc0ec7f5d392d2aaef"},
    {file = "rpds_py-0.27.1-cp313-cp313t-musllinux_1_2_aarch64.whl", hash = "sha256:eb11a4f1b2b63337cfd3b4d110af778a59aae51c81d195768e353d8b52f88081"},
    {file = "rpds_py-0.27.1-cp313-cp313t-musllinux_1_2_i686.whl", hash = "sha256:13e608ac9f50a0ed4faec0e90ece76ae33b34c0e8656e3dceb9a7db994c692cd"},
    {file = "rpds_py-0.27.1-cp313-cp313t-musllinux_1_2_x86_64.whl", hash = "sha256:dd2135527aa40f061350c3f8f89da2644de26cd73e4de458e79606384f4f68e7"},
    {file = "rpds_py-0.27.1-cp313-cp313t-win32.whl", hash = "sha256:3020724ade63fe320a972e2ffd93b5623227e684315adce194941167fee02688"},
    {file = "rpds_py-0.27.1-cp313-cp313t-win_amd64.whl", hash = "sha256:8ee50c3e41739886606388ba3ab3ee2aae9f35fb23f833091833255a31740797"},
    {file = "rpds_py-0.27.1.tar.gz", hash = "sha256:26a1c73171d10b7acccbded82bf6a586ab8203601e565badc74bbbf8bc5a10f8"},
]

[[package]]
name = "scikit-image"
version = "0.25.2"
requires_python = ">=3.10"
summary = "Image processing in Python"
groups = ["default"]
dependencies = [
    "imageio!=2.35.0,>=2.33",
    "lazy-loader>=0.4",
    "networkx>=3.0",
    "numpy>=1.24",
    "packaging>=21",
    "pillow>=10.1",
    "scipy>=1.11.4",
    "tifffile>=2022.8.12",
]
files = [
    {file = "scikit_image-0.25.2-cp313-cp313-macosx_10_13_x86_64.whl", hash = "sha256:7efa888130f6c548ec0439b1a7ed7295bc10105458a421e9bf739b457730b6da"},
    {file = "scikit_image-0.25.2-cp313-cp313-macosx_12_0_arm64.whl", hash = "sha256:dd8011efe69c3641920614d550f5505f83658fe33581e49bed86feab43a180fc"},
    {file = "scikit_image-0.25.2-cp313-cp313-manylinux_2_17_aarch64.manylinux2014_aarch64.whl", hash = "sha256:28182a9d3e2ce3c2e251383bdda68f8d88d9fff1a3ebe1eb61206595c9773341"},
    {file = "scikit_image-0.25.2-cp313-cp313-manylinux_2_17_x86_64.manylinux2014_x86_64.whl", hash = "sha256:b8abd3c805ce6944b941cfed0406d88faeb19bab3ed3d4b50187af55cf24d147"},
    {file = "scikit_image-0.25.2-cp313-cp313-win_amd64.whl", hash = "sha256:64785a8acefee460ec49a354706db0b09d1f325674107d7fa3eadb663fb56d6f"},
    {file = "scikit_image-0.25.2-cp313-cp313t-manylinux_2_17_x86_64.manylinux2014_x86_64.whl", hash = "sha256:330d061bd107d12f8d68f1d611ae27b3b813b8cdb0300a71d07b1379178dd4cd"},
    {file = "scikit_image-0.25.2.tar.gz", hash = "sha256:e5a37e6cd4d0c018a7a55b9d601357e3382826d3888c10d0213fc63bff977dde"},
]

[[package]]
name = "scikit-learn"
version = "1.7.2"
requires_python = ">=3.10"
summary = "A set of python modules for machine learning and data mining"
groups = ["default"]
dependencies = [
    "joblib>=1.2.0",
    "numpy>=1.22.0",
    "scipy>=1.8.0",
    "threadpoolctl>=3.1.0",
]
files = [
    {file = "scikit_learn-1.7.2-cp313-cp313-macosx_10_13_x86_64.whl", hash = "sha256:0b7dacaa05e5d76759fb071558a8b5130f4845166d88654a0f9bdf3eb57851b7"},
    {file = "scikit_learn-1.7.2-cp313-cp313-macosx_12_0_arm64.whl", hash = "sha256:abebbd61ad9e1deed54cca45caea8ad5f79e1b93173dece40bb8e0c658dbe6fe"},
    {file = "scikit_learn-1.7.2-cp313-cp313-manylinux2014_x86_64.manylinux_2_17_x86_64.whl", hash = "sha256:502c18e39849c0ea1a5d681af1dbcf15f6cce601aebb657aabbfe84133c1907f"},
    {file = "scikit_learn-1.7.2-cp313-cp313-manylinux_2_27_aarch64.manylinux_2_28_aarch64.whl", hash = "sha256:7a4c328a71785382fe3fe676a9ecf2c86189249beff90bf85e22bdb7efaf9ae0"},
    {file = "scikit_learn-1.7.2-cp313-cp313-win_amd64.whl", hash = "sha256:63a9afd6f7b229aad94618c01c252ce9e6fa97918c5ca19c9a17a087d819440c"},
    {file = "scikit_learn-1.7.2-cp313-cp313t-macosx_10_13_x86_64.whl", hash = "sha256:9acb6c5e867447b4e1390930e3944a005e2cb115922e693c08a323421a6966e8"},
    {file = "scikit_learn-1.7.2-cp313-cp313t-macosx_12_0_arm64.whl", hash = "sha256:2a41e2a0ef45063e654152ec9d8bcfc39f7afce35b08902bfe290c2498a67a6a"},
    {file = "scikit_learn-1.7.2-cp313-cp313t-manylinux2014_x86_64.manylinux_2_17_x86_64.whl", hash = "sha256:98335fb98509b73385b3ab2bd0639b1f610541d3988ee675c670371d6a87aa7c"},
    {file = "scikit_learn-1.7.2-cp313-cp313t-manylinux_2_27_aarch64.manylinux_2_28_aarch64.whl", hash = "sha256:191e5550980d45449126e23ed1d5e9e24b2c68329ee1f691a3987476e115e09c"},
    {file = "scikit_learn-1.7.2-cp313-cp313t-win_amd64.whl", hash = "sha256:57dc4deb1d3762c75d685507fbd0bc17160144b2f2ba4ccea5dc285ab0d0e973"},
    {file = "scikit_learn-1.7.2.tar.gz", hash = "sha256:20e9e49ecd130598f1ca38a1d85090e1a600147b9c02fa6f15d69cb53d968fda"},
]

[[package]]
name = "scipy"
version = "1.16.2"
requires_python = ">=3.11"
summary = "Fundamental algorithms for scientific computing in Python"
groups = ["default"]
dependencies = [
    "numpy<2.6,>=1.25.2",
]
files = [
    {file = "scipy-1.16.2-cp313-cp313-macosx_10_14_x86_64.whl", hash = "sha256:84f7bf944b43e20b8a894f5fe593976926744f6c185bacfcbdfbb62736b5cc70"},
    {file = "scipy-1.16.2-cp313-cp313-macosx_12_0_arm64.whl", hash = "sha256:5c39026d12edc826a1ef2ad35ad1e6d7f087f934bb868fc43fa3049c8b8508f9"},
    {file = "scipy-1.16.2-cp313-cp313-macosx_14_0_arm64.whl", hash = "sha256:e52729ffd45b68777c5319560014d6fd251294200625d9d70fd8626516fc49f5"},
    {file = "scipy-1.16.2-cp313-cp313-macosx_14_0_x86_64.whl", hash = "sha256:024dd4a118cccec09ca3209b7e8e614931a6ffb804b2a601839499cb88bdf925"},
    {file = "scipy-1.16.2-cp313-cp313-manylinux2014_aarch64.manylinux_2_17_aarch64.whl", hash = "sha256:7a5dc7ee9c33019973a470556081b0fd3c9f4c44019191039f9769183141a4d9"},
    {file = "scipy-1.16.2-cp313-cp313-manylinux2014_x86_64.manylinux_2_17_x86_64.whl", hash = "sha256:c2275ff105e508942f99d4e3bc56b6ef5e4b3c0af970386ca56b777608ce95b7"},
    {file = "scipy-1.16.2-cp313-cp313-musllinux_1_2_aarch64.whl", hash = "sha256:af80196eaa84f033e48444d2e0786ec47d328ba00c71e4299b602235ffef9acb"},
    {file = "scipy-1.16.2-cp313-cp313-musllinux_1_2_x86_64.whl", hash = "sha256:9fb1eb735fe3d6ed1f89918224e3385fbf6f9e23757cacc35f9c78d3b712dd6e"},
    {file = "scipy-1.16.2-cp313-cp313-win_amd64.whl", hash = "sha256:fda714cf45ba43c9d3bae8f2585c777f64e3f89a2e073b668b32ede412d8f52c"},
    {file = "scipy-1.16.2-cp313-cp313-win_arm64.whl", hash = "sha256:2f5350da923ccfd0b00e07c3e5cfb316c1c0d6c1d864c07a72d092e9f20db104"},
    {file = "scipy-1.16.2-cp313-cp313t-macosx_10_14_x86_64.whl", hash = "sha256:53d8d2ee29b925344c13bda64ab51785f016b1b9617849dac10897f0701b20c1"},
    {file = "scipy-1.16.2-cp313-cp313t-macosx_12_0_arm64.whl", hash = "sha256:9e05e33657efb4c6a9d23bd8300101536abd99c85cca82da0bffff8d8764d08a"},
    {file = "scipy-1.16.2-cp313-cp313t-macosx_14_0_arm64.whl", hash = "sha256:7fe65b36036357003b3ef9d37547abeefaa353b237e989c21027b8ed62b12d4f"},
    {file = "scipy-1.16.2-cp313-cp313t-macosx_14_0_x86_64.whl", hash = "sha256:6406d2ac6d40b861cccf57f49592f9779071655e9f75cd4f977fa0bdd09cb2e4"},
    {file = "scipy-1.16.2-cp313-cp313t-manylinux2014_aarch64.manylinux_2_17_aarch64.whl", hash = "sha256:ff4dc42bd321991fbf611c23fc35912d690f731c9914bf3af8f417e64aca0f21"},
    {file = "scipy-1.16.2-cp313-cp313t-manylinux2014_x86_64.manylinux_2_17_x86_64.whl", hash = "sha256:654324826654d4d9133e10675325708fb954bc84dae6e9ad0a52e75c6b1a01d7"},
    {file = "scipy-1.16.2-cp313-cp313t-musllinux_1_2_aarch64.whl", hash = "sha256:63870a84cd15c44e65220eaed2dac0e8f8b26bbb991456a033c1d9abfe8a94f8"},
    {file = "scipy-1.16.2-cp313-cp313t-musllinux_1_2_x86_64.whl", hash = "sha256:fa01f0f6a3050fa6a9771a95d5faccc8e2f5a92b4a2e5440a0fa7264a2398472"},
    {file = "scipy-1.16.2-cp313-cp313t-win_amd64.whl", hash = "sha256:116296e89fba96f76353a8579820c2512f6e55835d3fad7780fece04367de351"},
    {file = "scipy-1.16.2-cp313-cp313t-win_arm64.whl", hash = "sha256:98e22834650be81d42982360382b43b17f7ba95e0e6993e2a4f5b9ad9283a94d"},
    {file = "scipy-1.16.2.tar.gz", hash = "sha256:af029b153d243a80afb6eabe40b0a07f8e35c9adc269c019f364ad747f826a6b"},
]

[[package]]
name = "send2trash"
version = "1.8.3"
requires_python = "!=3.0.*,!=3.1.*,!=3.2.*,!=3.3.*,!=3.4.*,!=3.5.*,>=2.7"
summary = "Send file to trash natively under Mac OS X, Windows and Linux"
groups = ["default"]
files = [
    {file = "Send2Trash-1.8.3-py3-none-any.whl", hash = "sha256:0c31227e0bd08961c7665474a3d1ef7193929fedda4233843689baa056be46c9"},
    {file = "Send2Trash-1.8.3.tar.gz", hash = "sha256:b18e7a3966d99871aefeb00cfbcfdced55ce4871194810fc71f4aa484b953abf"},
]

[[package]]
name = "shiboken6"
version = "6.9.2"
requires_python = "<3.14,>=3.9"
summary = "Python/C++ bindings helper module"
groups = ["default"]
files = [
    {file = "shiboken6-6.9.2-cp39-abi3-macosx_12_0_universal2.whl", hash = "sha256:8bb1c4326330e53adeac98bfd9dcf57f5173a50318a180938dcc4825d9ca38da"},
    {file = "shiboken6-6.9.2-cp39-abi3-manylinux_2_28_x86_64.whl", hash = "sha256:3b54c0a12ea1b03b9dc5dcfb603c366e957dc75341bf7cb1cc436d0d848308ee"},
    {file = "shiboken6-6.9.2-cp39-abi3-manylinux_2_39_aarch64.whl", hash = "sha256:a5f5985938f5acb604c23536a0ff2efb3cccb77d23da91fbaff8fd8ded3dceb4"},
    {file = "shiboken6-6.9.2-cp39-abi3-win_amd64.whl", hash = "sha256:68c33d565cd4732be762d19ff67dfc53763256bac413d392aa8598b524980bc4"},
    {file = "shiboken6-6.9.2-cp39-abi3-win_arm64.whl", hash = "sha256:c5b827797b3d89d9b9a3753371ff533fcd4afc4531ca51a7c696952132098054"},
]

[[package]]
name = "structlog"
version = "25.4.0"
requires_python = ">=3.8"
summary = "Structured Logging for Python"
groups = ["default"]
dependencies = [
    "typing-extensions; python_version < \"3.11\"",
]
files = [
    {file = "structlog-25.4.0-py3-none-any.whl", hash = "sha256:fe809ff5c27e557d14e613f45ca441aabda051d119ee5a0102aaba6ce40eed2c"},
    {file = "structlog-25.4.0.tar.gz", hash = "sha256:186cd1b0a8ae762e29417095664adf1d6a31702160a46dacb7796ea82f7409e4"},
]

[[package]]
name = "threadpoolctl"
version = "3.6.0"
requires_python = ">=3.9"
summary = "threadpoolctl"
groups = ["default"]
files = [
    {file = "threadpoolctl-3.6.0-py3-none-any.whl", hash = "sha256:43a0b8fd5a2928500110039e43a5eed8480b918967083ea48dc3ab9f13c4a7fb"},
    {file = "threadpoolctl-3.6.0.tar.gz", hash = "sha256:8ab8b4aa3491d812b623328249fab5302a68d2d71745c8a4c719a2fcaba9f44e"},
]

[[package]]
name = "tifffile"
version = "2025.9.20"
requires_python = ">=3.11"
summary = "Read and write TIFF files"
groups = ["default"]
dependencies = [
    "numpy",
]
files = [
    {file = "tifffile-2025.9.20-py3-none-any.whl", hash = "sha256:549dda2f2c65cc63b3d946942b9b43c09ae50caaae0aa7ea3d91a915acd45444"},
    {file = "tifffile-2025.9.20.tar.gz", hash = "sha256:a0fed4c613ff728979cb6abfd40832b6f36dc9da8183e52840418a25a00552eb"},
]

[[package]]
name = "tqdm"
version = "4.67.1"
requires_python = ">=3.7"
summary = "Fast, Extensible Progress Meter"
groups = ["default"]
dependencies = [
    "colorama; platform_system == \"Windows\"",
]
files = [
    {file = "tqdm-4.67.1-py3-none-any.whl", hash = "sha256:26445eca388f82e72884e0d580d5464cd801a3ea01e63e5601bdff9ba6a48de2"},
    {file = "tqdm-4.67.1.tar.gz", hash = "sha256:f8aef9c52c08c13a65f30ea34f4e5aac3fd1a34959879d7e59e63027286627f2"},
]

[[package]]
name = "watchdog"
version = "6.0.0"
requires_python = ">=3.9"
summary = "Filesystem events monitoring"
groups = ["default"]
files = [
    {file = "watchdog-6.0.0-cp313-cp313-macosx_10_13_universal2.whl", hash = "sha256:490ab2ef84f11129844c23fb14ecf30ef3d8a6abafd3754a6f75ca1e6654136c"},
    {file = "watchdog-6.0.0-cp313-cp313-macosx_10_13_x86_64.whl", hash = "sha256:76aae96b00ae814b181bb25b1b98076d5fc84e8a53cd8885a318b42b6d3a5134"},
    {file = "watchdog-6.0.0-cp313-cp313-macosx_11_0_arm64.whl", hash = "sha256:a175f755fc2279e0b7312c0035d52e27211a5bc39719dd529625b1930917345b"},
    {file = "watchdog-6.0.0-py3-none-manylinux2014_aarch64.whl", hash = "sha256:7607498efa04a3542ae3e05e64da8202e58159aa1fa4acddf7678d34a35d4f13"},
    {file = "watchdog-6.0.0-py3-none-manylinux2014_armv7l.whl", hash = "sha256:9041567ee8953024c83343288ccc458fd0a2d811d6a0fd68c4c22609e3490379"},
    {file = "watchdog-6.0.0-py3-none-manylinux2014_i686.whl", hash = "sha256:82dc3e3143c7e38ec49d61af98d6558288c415eac98486a5c581726e0737c00e"},
    {file = "watchdog-6.0.0-py3-none-manylinux2014_ppc64.whl", hash = "sha256:212ac9b8bf1161dc91bd09c048048a95ca3a4c4f5e5d4a7d1b1a7d5752a7f96f"},
    {file = "watchdog-6.0.0-py3-none-manylinux2014_ppc64le.whl", hash = "sha256:e3df4cbb9a450c6d49318f6d14f4bbc80d763fa587ba46ec86f99f9e6876bb26"},
    {file = "watchdog-6.0.0-py3-none-manylinux2014_s390x.whl", hash = "sha256:2cce7cfc2008eb51feb6aab51251fd79b85d9894e98ba847408f662b3395ca3c"},
    {file = "watchdog-6.0.0-py3-none-manylinux2014_x86_64.whl", hash = "sha256:20ffe5b202af80ab4266dcd3e91aae72bf2da48c0d33bdb15c66658e685e94e2"},
    {file = "watchdog-6.0.0-py3-none-win32.whl", hash = "sha256:07df1fdd701c5d4c8e55ef6cf55b8f0120fe1aef7ef39a1c6fc6bc2e606d517a"},
    {file = "watchdog-6.0.0-py3-none-win_amd64.whl", hash = "sha256:cbafb470cf848d93b5d013e2ecb245d4aa1c8fd0504e863ccefa32445359d680"},
    {file = "watchdog-6.0.0-py3-none-win_ia64.whl", hash = "sha256:a1914259fa9e1454315171103c6a30961236f508b9b623eae470268bbcc6a22f"},
    {file = "watchdog-6.0.0.tar.gz", hash = "sha256:9ddf7c82fda3ae8e24decda1338ede66e1c99883db93711d8fb941eaa2d8c282"},
]

[[package]]
name = "xxhash"
version = "3.5.0"
requires_python = ">=3.7"
summary = "Python binding for xxHash"
groups = ["default"]
files = [
    {file = "xxhash-3.5.0-cp313-cp313-macosx_10_13_x86_64.whl", hash = "sha256:37889a0d13b0b7d739cfc128b1c902f04e32de17b33d74b637ad42f1c55101f6"},
    {file = "xxhash-3.5.0-cp313-cp313-macosx_11_0_arm64.whl", hash = "sha256:97a662338797c660178e682f3bc180277b9569a59abfb5925e8620fba00b9fc5"},
    {file = "xxhash-3.5.0-cp313-cp313-manylinux_2_17_aarch64.manylinux2014_aarch64.whl", hash = "sha256:7f85e0108d51092bdda90672476c7d909c04ada6923c14ff9d913c4f7dc8a3bc"},
    {file = "xxhash-3.5.0-cp313-cp313-manylinux_2_17_ppc64le.manylinux2014_ppc64le.whl", hash = "sha256:cd2fd827b0ba763ac919440042302315c564fdb797294d86e8cdd4578e3bc7f3"},
    {file = "xxhash-3.5.0-cp313-cp313-manylinux_2_17_s390x.manylinux2014_s390x.whl", hash = "sha256:82085c2abec437abebf457c1d12fccb30cc8b3774a0814872511f0f0562c768c"},
    {file = "xxhash-3.5.0-cp313-cp313-manylinux_2_17_x86_64.manylinux2014_x86_64.whl", hash = "sha256:07fda5de378626e502b42b311b049848c2ef38784d0d67b6f30bb5008642f8eb"},
    {file = "xxhash-3.5.0-cp313-cp313-manylinux_2_5_i686.manylinux1_i686.manylinux_2_17_i686.manylinux2014_i686.whl", hash = "sha256:c279f0d2b34ef15f922b77966640ade58b4ccdfef1c4d94b20f2a364617a493f"},
    {file = "xxhash-3.5.0-cp313-cp313-musllinux_1_2_aarch64.whl", hash = "sha256:89e66ceed67b213dec5a773e2f7a9e8c58f64daeb38c7859d8815d2c89f39ad7"},
    {file = "xxhash-3.5.0-cp313-cp313-musllinux_1_2_i686.whl", hash = "sha256:bcd51708a633410737111e998ceb3b45d3dbc98c0931f743d9bb0a209033a326"},
    {file = "xxhash-3.5.0-cp313-cp313-musllinux_1_2_ppc64le.whl", hash = "sha256:3ff2c0a34eae7df88c868be53a8dd56fbdf592109e21d4bfa092a27b0bf4a7bf"},
    {file = "xxhash-3.5.0-cp313-cp313-musllinux_1_2_s390x.whl", hash = "sha256:4e28503dccc7d32e0b9817aa0cbfc1f45f563b2c995b7a66c4c8a0d232e840c7"},
    {file = "xxhash-3.5.0-cp313-cp313-musllinux_1_2_x86_64.whl", hash = "sha256:a6c50017518329ed65a9e4829154626f008916d36295b6a3ba336e2458824c8c"},
    {file = "xxhash-3.5.0-cp313-cp313-win32.whl", hash = "sha256:53a068fe70301ec30d868ece566ac90d873e3bb059cf83c32e76012c889b8637"},
    {file = "xxhash-3.5.0-cp313-cp313-win_amd64.whl", hash = "sha256:80babcc30e7a1a484eab952d76a4f4673ff601f54d5142c26826502740e70b43"},
    {file = "xxhash-3.5.0-cp313-cp313-win_arm64.whl", hash = "sha256:4811336f1ce11cac89dcbd18f3a25c527c16311709a89313c3acaf771def2d4b"},
    {file = "xxhash-3.5.0.tar.gz", hash = "sha256:84f2caddf951c9cbf8dc2e22a89d4ccf5d86391ac6418fe81e3c67d0cf60b45f"},
]
